
Microsoft Visual Studio Solution File, Format Version 12.00
# Visual Studio 15
VisualStudioVersion = 15.0.27428.2002
MinimumVisualStudioVersion = 10.0.40219.1
Project("{FAE04EC0-301F-11D3-BF4B-00C04F79EFBC}") = "WindowsFormsApp1", "WindowsFormsApp1\WindowsFormsApp1.csproj", "{D46451AE-20B1-41C0-A23A-68806321EC65}"
EndProject
Global
	GlobalSection(SolutionConfigurationPlatforms) = preSolution
		Debug|Any CPU = Debug|Any CPU
		Release|Any CPU = Release|Any CPU
	EndGlobalSection
	GlobalSection(ProjectConfigurationPlatforms) = postSolution
		{D46451AE-20B1-41C0-A23A-68806321EC65}.Debug|Any CPU.ActiveCfg = Debug|Any CPU
		{D46451AE-20B1-41C0-A23A-68806321EC65}.Debug|Any CPU.Build.0 = Debug|Any CPU
		{D46451AE-20B1-41C0-A23A-68806321EC65}.Release|Any CPU.ActiveCfg = Release|Any CPU
		{D46451AE-20B1-41C0-A23A-68806321EC65}.Release|Any CPU.Build.0 = Release|Any CPU
	EndGlobalSection
	GlobalSection(SolutionProperties) = preSolution
		HideSolutionNode = FALSE
	EndGlobalSection
	GlobalSection(ExtensibilityGlobals) = postSolution
		SolutionGuid = {8DDC9F97-0729-4EF2-95C5-66D610146E4F}
	EndGlobalSection
EndGlobal
